
Microsoft Visual Studio Solution File, Format Version 12.00
# Visual Studio Version 17
VisualStudioVersion = 17.10.35122.118
MinimumVisualStudioVersion = 10.0.40219.1
Project("{FAE04EC0-301F-11D3-BF4B-00C04F79EFBC}") = "AntonieMotors-XBCAD7319", "AntonieMotors-XBCAD7319\AntonieMotors-XBCAD7319.csproj", "{BB1E5C9F-48CE-4F74-ACBB-B7D4C4DAC9D6}"
EndProject
Global
	GlobalSection(SolutionConfigurationPlatforms) = preSolution
		Debug|Any CPU = Debug|Any CPU
		Release|Any CPU = Release|Any CPU
	EndGlobalSection
	GlobalSection(ProjectConfigurationPlatforms) = postSolution
		{BB1E5C9F-48CE-4F74-ACBB-B7D4C4DAC9D6}.Debug|Any CPU.ActiveCfg = Debug|Any CPU
		{BB1E5C9F-48CE-4F74-ACBB-B7D4C4DAC9D6}.Debug|Any CPU.Build.0 = Debug|Any CPU
		{BB1E5C9F-48CE-4F74-ACBB-B7D4C4DAC9D6}.Release|Any CPU.ActiveCfg = Release|Any CPU
		{BB1E5C9F-48CE-4F74-ACBB-B7D4C4DAC9D6}.Release|Any CPU.Build.0 = Release|Any CPU
	EndGlobalSection
	GlobalSection(SolutionProperties) = preSolution
		HideSolutionNode = FALSE
	EndGlobalSection
	GlobalSection(ExtensibilityGlobals) = postSolution
		SolutionGuid = {A12703A8-2D7F-4C8B-A5DD-9F2F56A99848}
	EndGlobalSection
EndGlobal
